
Microsoft Visual Studio Solution File, Format Version 12.00
# Visual Studio 2013
VisualStudioVersion = 12.0.31101.0
MinimumVisualStudioVersion = 10.0.40219.1
Project("{2150E333-8FDC-42A3-9474-1A3956D46DE8}") = "main", "main", "{BAE0FF95-7A39-4B18-B611-873CAE780FD8}"
EndProject
Project("{2150E333-8FDC-42A3-9474-1A3956D46DE8}") = "test", "test", "{3F8EE934-92D5-4246-8F33-353D9E76E1AF}"
EndProject
Project("{FAE04EC0-301F-11D3-BF4B-00C04F79EFBC}") = "Thunder", "src\main\Thunder\Thunder.csproj", "{85E79781-5311-482C-BC8B-3F7781061ED5}"
EndProject
Project("{FAE04EC0-301F-11D3-BF4B-00C04F79EFBC}") = "Thunder", "src\test\Thunder\Thunder.csproj", "{C4351696-972B-4D72-83A1-1CE38729E3B4}"
EndProject
Project("{2150E333-8FDC-42A3-9474-1A3956D46DE8}") = ".nuget", ".nuget", "{9DFBE2EE-2803-4BB5-915F-B71F7846E01F}"
	ProjectSection(SolutionItems) = preProject
		.nuget\NuGet.exe = .nuget\NuGet.exe
		.nuget\NuGet.targets = .nuget\NuGet.targets
	EndProjectSection
EndProject
Project("{FAE04EC0-301F-11D3-BF4B-00C04F79EFBC}") = "Thunder.Web.Mvc", "src\main\Thunder.Web.Mvc\Thunder.Web.Mvc.csproj", "{56615F19-D609-46A3-8100-FB9FE29158FA}"
EndProject
Project("{2150E333-8FDC-42A3-9474-1A3956D46DE8}") = "framework", "framework", "{F3304ED3-B238-4A5A-A655-EF0198409B8E}"
EndProject
Project("{2150E333-8FDC-42A3-9474-1A3956D46DE8}") = "framework", "framework", "{8ADC47BF-73DB-461E-8B7A-41AB85CA0B31}"
EndProject
Project("{FAE04EC0-301F-11D3-BF4B-00C04F79EFBC}") = "Thunder.Data", "src\test\Thunder.Data\Thunder.Data.csproj", "{E62257AA-97FF-4057-B46C-9EED9D027C51}"
EndProject
Project("{FAE04EC0-301F-11D3-BF4B-00C04F79EFBC}") = "Thunder.Web.Mvc", "src\test\Thunder.Web.Mvc\Thunder.Web.Mvc.csproj", "{F165EAF3-C84C-4299-894A-666A0053CA8F}"
EndProject
Global
	GlobalSection(SolutionConfigurationPlatforms) = preSolution
		Debug|Any CPU = Debug|Any CPU
		Debug|Mixed Platforms = Debug|Mixed Platforms
		Debug|x86 = Debug|x86
		Release|Any CPU = Release|Any CPU
		Release|Mixed Platforms = Release|Mixed Platforms
		Release|x86 = Release|x86
	EndGlobalSection
	GlobalSection(ProjectConfigurationPlatforms) = postSolution
		{85E79781-5311-482C-BC8B-3F7781061ED5}.Debug|Any CPU.ActiveCfg = Debug|Any CPU
		{85E79781-5311-482C-BC8B-3F7781061ED5}.Debug|Any CPU.Build.0 = Debug|Any CPU
		{85E79781-5311-482C-BC8B-3F7781061ED5}.Debug|Mixed Platforms.ActiveCfg = Debug|Any CPU
		{85E79781-5311-482C-BC8B-3F7781061ED5}.Debug|Mixed Platforms.Build.0 = Debug|Any CPU
		{85E79781-5311-482C-BC8B-3F7781061ED5}.Debug|x86.ActiveCfg = Debug|Any CPU
		{85E79781-5311-482C-BC8B-3F7781061ED5}.Release|Any CPU.ActiveCfg = Release|Any CPU
		{85E79781-5311-482C-BC8B-3F7781061ED5}.Release|Any CPU.Build.0 = Release|Any CPU
		{85E79781-5311-482C-BC8B-3F7781061ED5}.Release|Mixed Platforms.ActiveCfg = Release|Any CPU
		{85E79781-5311-482C-BC8B-3F7781061ED5}.Release|Mixed Platforms.Build.0 = Release|Any CPU
		{85E79781-5311-482C-BC8B-3F7781061ED5}.Release|x86.ActiveCfg = Release|Any CPU
		{C4351696-972B-4D72-83A1-1CE38729E3B4}.Debug|Any CPU.ActiveCfg = Debug|Any CPU
		{C4351696-972B-4D72-83A1-1CE38729E3B4}.Debug|Any CPU.Build.0 = Debug|Any CPU
		{C4351696-972B-4D72-83A1-1CE38729E3B4}.Debug|Mixed Platforms.ActiveCfg = Debug|Any CPU
		{C4351696-972B-4D72-83A1-1CE38729E3B4}.Debug|x86.ActiveCfg = Debug|Any CPU
		{C4351696-972B-4D72-83A1-1CE38729E3B4}.Release|Any CPU.ActiveCfg = Release|Any CPU
		{C4351696-972B-4D72-83A1-1CE38729E3B4}.Release|Any CPU.Build.0 = Release|Any CPU
		{C4351696-972B-4D72-83A1-1CE38729E3B4}.Release|Mixed Platforms.ActiveCfg = Release|Any CPU
		{C4351696-972B-4D72-83A1-1CE38729E3B4}.Release|x86.ActiveCfg = Release|Any CPU
		{56615F19-D609-46A3-8100-FB9FE29158FA}.Debug|Any CPU.ActiveCfg = Debug|Any CPU
		{56615F19-D609-46A3-8100-FB9FE29158FA}.Debug|Any CPU.Build.0 = Debug|Any CPU
		{56615F19-D609-46A3-8100-FB9FE29158FA}.Debug|Mixed Platforms.ActiveCfg = Debug|Any CPU
		{56615F19-D609-46A3-8100-FB9FE29158FA}.Debug|Mixed Platforms.Build.0 = Debug|Any CPU
		{56615F19-D609-46A3-8100-FB9FE29158FA}.Debug|x86.ActiveCfg = Debug|Any CPU
		{56615F19-D609-46A3-8100-FB9FE29158FA}.Release|Any CPU.ActiveCfg = Release|Any CPU
		{56615F19-D609-46A3-8100-FB9FE29158FA}.Release|Any CPU.Build.0 = Release|Any CPU
		{56615F19-D609-46A3-8100-FB9FE29158FA}.Release|Mixed Platforms.ActiveCfg = Release|Any CPU
		{56615F19-D609-46A3-8100-FB9FE29158FA}.Release|Mixed Platforms.Build.0 = Release|Any CPU
		{56615F19-D609-46A3-8100-FB9FE29158FA}.Release|x86.ActiveCfg = Release|Any CPU
		{E62257AA-97FF-4057-B46C-9EED9D027C51}.Debug|Any CPU.ActiveCfg = Debug|Any CPU
		{E62257AA-97FF-4057-B46C-9EED9D027C51}.Debug|Any CPU.Build.0 = Debug|Any CPU
		{E62257AA-97FF-4057-B46C-9EED9D027C51}.Debug|Mixed Platforms.ActiveCfg = Debug|Any CPU
		{E62257AA-97FF-4057-B46C-9EED9D027C51}.Debug|x86.ActiveCfg = Debug|Any CPU
		{E62257AA-97FF-4057-B46C-9EED9D027C51}.Release|Any CPU.ActiveCfg = Release|Any CPU
		{E62257AA-97FF-4057-B46C-9EED9D027C51}.Release|Any CPU.Build.0 = Release|Any CPU
		{E62257AA-97FF-4057-B46C-9EED9D027C51}.Release|Mixed Platforms.ActiveCfg = Release|Any CPU
		{E62257AA-97FF-4057-B46C-9EED9D027C51}.Release|x86.ActiveCfg = Release|Any CPU
		{F165EAF3-C84C-4299-894A-666A0053CA8F}.Debug|Any CPU.ActiveCfg = Debug|Any CPU
		{F165EAF3-C84C-4299-894A-666A0053CA8F}.Debug|Any CPU.Build.0 = Debug|Any CPU
		{F165EAF3-C84C-4299-894A-666A0053CA8F}.Debug|Mixed Platforms.ActiveCfg = Debug|Any CPU
		{F165EAF3-C84C-4299-894A-666A0053CA8F}.Debug|x86.ActiveCfg = Debug|Any CPU
		{F165EAF3-C84C-4299-894A-666A0053CA8F}.Release|Any CPU.ActiveCfg = Release|Any CPU
		{F165EAF3-C84C-4299-894A-666A0053CA8F}.Release|Any CPU.Build.0 = Release|Any CPU
		{F165EAF3-C84C-4299-894A-666A0053CA8F}.Release|Mixed Platforms.ActiveCfg = Release|Any CPU
		{F165EAF3-C84C-4299-894A-666A0053CA8F}.Release|x86.ActiveCfg = Release|Any CPU
	EndGlobalSection
	GlobalSection(SolutionProperties) = preSolution
		HideSolutionNode = FALSE
	EndGlobalSection
	GlobalSection(NestedProjects) = preSolution
		{85E79781-5311-482C-BC8B-3F7781061ED5} = {F3304ED3-B238-4A5A-A655-EF0198409B8E}
		{C4351696-972B-4D72-83A1-1CE38729E3B4} = {8ADC47BF-73DB-461E-8B7A-41AB85CA0B31}
		{56615F19-D609-46A3-8100-FB9FE29158FA} = {F3304ED3-B238-4A5A-A655-EF0198409B8E}
		{F3304ED3-B238-4A5A-A655-EF0198409B8E} = {BAE0FF95-7A39-4B18-B611-873CAE780FD8}
		{8ADC47BF-73DB-461E-8B7A-41AB85CA0B31} = {3F8EE934-92D5-4246-8F33-353D9E76E1AF}
		{E62257AA-97FF-4057-B46C-9EED9D027C51} = {8ADC47BF-73DB-461E-8B7A-41AB85CA0B31}
		{F165EAF3-C84C-4299-894A-666A0053CA8F} = {8ADC47BF-73DB-461E-8B7A-41AB85CA0B31}
	EndGlobalSection
EndGlobal
